
Microsoft Visual Studio Solution File, Format Version 11.00
# Visual Studio 2010
Project("{FAE04EC0-301F-11D3-BF4B-00C04F79EFBC}") = "AWS-Unity", "Assembly-CSharp.csproj", "{541A37A9-4EB5-209D-1EC1-8E66CCFCBAAC}"
EndProject
Global
	GlobalSection(SolutionConfigurationPlatforms) = preSolution
		Debug|Any CPU = Debug|Any CPU
		Release|Any CPU = Release|Any CPU
	EndGlobalSection
	GlobalSection(ProjectConfigurationPlatforms) = postSolution
		{541A37A9-4EB5-209D-1EC1-8E66CCFCBAAC}.Debug|Any CPU.ActiveCfg = Debug|Any CPU
		{541A37A9-4EB5-209D-1EC1-8E66CCFCBAAC}.Debug|Any CPU.Build.0 = Debug|Any CPU
		{541A37A9-4EB5-209D-1EC1-8E66CCFCBAAC}.Release|Any CPU.ActiveCfg = Release|Any CPU
		{541A37A9-4EB5-209D-1EC1-8E66CCFCBAAC}.Release|Any CPU.Build.0 = Release|Any CPU
	EndGlobalSection
	GlobalSection(SolutionProperties) = preSolution
		HideSolutionNode = FALSE
	EndGlobalSection
	GlobalSection(MonoDevelopProperties) = preSolution
		StartupItem = Assembly-CSharp.csproj
	EndGlobalSection
EndGlobal
